
Microsoft Visual Studio Solution File, Format Version 12.00
# Visual Studio 15
VisualStudioVersion = 15.0.28010.2046
MinimumVisualStudioVersion = 10.0.40219.1
Project("{8BC9CEB8-8B4A-11D0-8D11-00A0C91BC942}") = "fireplace", "fireplace.vcxproj", "{559CC464-9F00-48D7-9AD6-A535AF36AA7F}"
EndProject
Global
	GlobalSection(SolutionConfigurationPlatforms) = preSolution
		Debug|x64 = Debug|x64
		Debug|x86 = Debug|x86
		DirectX Debug|x64 = DirectX Debug|x64
		DirectX Debug|x86 = DirectX Debug|x86
		OpenGL Debug|x64 = OpenGL Debug|x64
		OpenGL Debug|x86 = OpenGL Debug|x86
		Release|x64 = Release|x64
		Release|x86 = Release|x86
	EndGlobalSection
	GlobalSection(ProjectConfigurationPlatforms) = postSolution
		{559CC464-9F00-48D7-9AD6-A535AF36AA7F}.Debug|x64.ActiveCfg = Debug|x64
		{559CC464-9F00-48D7-9AD6-A535AF36AA7F}.Debug|x64.Build.0 = Debug|x64
		{559CC464-9F00-48D7-9AD6-A535AF36AA7F}.Debug|x86.ActiveCfg = Debug|Win32
		{559CC464-9F00-48D7-9AD6-A535AF36AA7F}.Debug|x86.Build.0 = Debug|Win32
		{559CC464-9F00-48D7-9AD6-A535AF36AA7F}.DirectX Debug|x64.ActiveCfg = DirectX Debug|x64
		{559CC464-9F00-48D7-9AD6-A535AF36AA7F}.DirectX Debug|x64.Build.0 = DirectX Debug|x64
		{559CC464-9F00-48D7-9AD6-A535AF36AA7F}.DirectX Debug|x86.ActiveCfg = DirectX Debug|Win32
		{559CC464-9F00-48D7-9AD6-A535AF36AA7F}.DirectX Debug|x86.Build.0 = DirectX Debug|Win32
		{559CC464-9F00-48D7-9AD6-A535AF36AA7F}.OpenGL Debug|x64.ActiveCfg = OpenGL Debug|x64
		{559CC464-9F00-48D7-9AD6-A535AF36AA7F}.OpenGL Debug|x64.Build.0 = OpenGL Debug|x64
		{559CC464-9F00-48D7-9AD6-A535AF36AA7F}.OpenGL Debug|x86.ActiveCfg = OpenGL Debug|Win32
		{559CC464-9F00-48D7-9AD6-A535AF36AA7F}.OpenGL Debug|x86.Build.0 = OpenGL Debug|Win32
		{559CC464-9F00-48D7-9AD6-A535AF36AA7F}.Release|x64.ActiveCfg = Release|x64
		{559CC464-9F00-48D7-9AD6-A535AF36AA7F}.Release|x64.Build.0 = Release|x64
		{559CC464-9F00-48D7-9AD6-A535AF36AA7F}.Release|x86.ActiveCfg = Release|Win32
		{559CC464-9F00-48D7-9AD6-A535AF36AA7F}.Release|x86.Build.0 = Release|Win32
	EndGlobalSection
	GlobalSection(SolutionProperties) = preSolution
		HideSolutionNode = FALSE
	EndGlobalSection
	GlobalSection(ExtensibilityGlobals) = postSolution
		SolutionGuid = {9F6451AF-7014-462C-9F15-8AC8B2C67425}
	EndGlobalSection
EndGlobal
